// !$*UTF8*$!
{
	archiveVersion = 1;
	classes = {
	};
	objectVersion = 77;
	objects = {

/* Begin PBXContainerItemProxy section */
		A1F2A63B2CDA0C7E00D63FCD /* PBXContainerItemProxy */ = {
			isa = PBXContainerItemProxy;
			containerPortal = A1F2A6202CDA0C7C00D63FCD /* Project object */;
			proxyType = 1;
			remoteGlobalIDString = A1F2A6272CDA0C7C00D63FCD;
			remoteInfo = przepisy;
		};
		A1F2A6452CDA0C7E00D63FCD /* PBXContainerItemProxy */ = {
			isa = PBXContainerItemProxy;
			containerPortal = A1F2A6202CDA0C7C00D63FCD /* Project object */;
			proxyType = 1;
			remoteGlobalIDString = A1F2A6272CDA0C7C00D63FCD;
			remoteInfo = przepisy;
		};
/* End PBXContainerItemProxy section */

/* Begin PBXFileReference section */
		A1F2A6282CDA0C7C00D63FCD /* przepisy.app */ = {isa = PBXFileReference; explicitFileType = wrapper.application; includeInIndex = 0; path = przepisy.app; sourceTree = BUILT_PRODUCTS_DIR; };
		A1F2A63A2CDA0C7E00D63FCD /* przepisyTests.xctest */ = {isa = PBXFileReference; explicitFileType = wrapper.cfbundle; includeInIndex = 0; path = przepisyTests.xctest; sourceTree = BUILT_PRODUCTS_DIR; };
		A1F2A6442CDA0C7E00D63FCD /* przepisyUITests.xctest */ = {isa = PBXFileReference; explicitFileType = wrapper.cfbundle; includeInIndex = 0; path = przepisyUITests.xctest; sourceTree = BUILT_PRODUCTS_DIR; };
/* End PBXFileReference section */

/* Begin PBXFileSystemSynchronizedRootGroup section */
		A1F2A62A2CDA0C7C00D63FCD /* przepisy */ = {
			isa = PBXFileSystemSynchronizedRootGroup;
			path = przepisy;
			sourceTree = "<group>";
		};
		A1F2A63D2CDA0C7E00D63FCD /* przepisyTests */ = {
			isa = PBXFileSystemSynchronizedRootGroup;
			path = przepisyTests;
			sourceTree = "<group>";
		};
		A1F2A6472CDA0C7E00D63FCD /* przepisyUITests */ = {
			isa = PBXFileSystemSynchronizedRootGroup;
			path = przepisyUITests;
			sourceTree = "<group>";
		};
/* End PBXFileSystemSynchronizedRootGroup section */

/* Begin PBXFrameworksBuildPhase section */
		A1F2A6252CDA0C7C00D63FCD /* Frameworks */ = {
			isa = PBXFrameworksBuildPhase;
			buildActionMask = 2147483647;
			files = (
			);
			runOnlyForDeploymentPostprocessing = 0;
		};
		A1F2A6372CDA0C7E00D63FCD /* Frameworks */ = {
			isa = PBXFrameworksBuildPhase;
			buildActionMask = 2147483647;
			files = (
			);
			runOnlyForDeploymentPostprocessing = 0;
		};
		A1F2A6412CDA0C7E00D63FCD /* Frameworks */ = {
			isa = PBXFrameworksBuildPhase;
			buildActionMask = 2147483647;
			files = (
			);
			runOnlyForDeploymentPostprocessing = 0;
		};
/* End PBXFrameworksBuildPhase section */

/* Begin PBXGroup section */
		A1F2A61F2CDA0C7C00D63FCD = {
			isa = PBXGroup;
			children = (
				A1F2A62A2CDA0C7C00D63FCD /* przepisy */,
				A1F2A63D2CDA0C7E00D63FCD /* przepisyTests */,
				A1F2A6472CDA0C7E00D63FCD /* przepisyUITests */,
				A1F2A6292CDA0C7C00D63FCD /* Products */,
			);
			sourceTree = "<group>";
		};
		A1F2A6292CDA0C7C00D63FCD /* Products */ = {
			isa = PBXGroup;
			children = (
				A1F2A6282CDA0C7C00D63FCD /* przepisy.app */,
				A1F2A63A2CDA0C7E00D63FCD /* przepisyTests.xctest */,
				A1F2A6442CDA0C7E00D63FCD /* przepisyUITests.xctest */,
			);
			name = Products;
			sourceTree = "<group>";
		};
/* End PBXGroup section */

/* Begin PBXNativeTarget section */
		A1F2A6272CDA0C7C00D63FCD /* przepisy */ = {
			isa = PBXNativeTarget;
			buildConfigurationList = A1F2A64E2CDA0C7E00D63FCD /* Build configuration list for PBXNativeTarget "przepisy" */;
			buildPhases = (
				A1F2A6242CDA0C7C00D63FCD /* Sources */,
				A1F2A6252CDA0C7C00D63FCD /* Frameworks */,
				A1F2A6262CDA0C7C00D63FCD /* Resources */,
			);
			buildRules = (
			);
			dependencies = (
			);
			fileSystemSynchronizedGroups = (
				A1F2A62A2CDA0C7C00D63FCD /* przepisy */,
			);
			name = przepisy;
			packageProductDependencies = (
			);
			productName = przepisy;
			productReference = A1F2A6282CDA0C7C00D63FCD /* przepisy.app */;
			productType = "com.apple.product-type.application";
		};
		A1F2A6392CDA0C7E00D63FCD /* przepisyTests */ = {
			isa = PBXNativeTarget;
			buildConfigurationList = A1F2A6512CDA0C7E00D63FCD /* Build configuration list for PBXNativeTarget "przepisyTests" */;
			buildPhases = (
				A1F2A6362CDA0C7E00D63FCD /* Sources */,
				A1F2A6372CDA0C7E00D63FCD /* Frameworks */,
				A1F2A6382CDA0C7E00D63FCD /* Resources */,
			);
			buildRules = (
			);
			dependencies = (
				A1F2A63C2CDA0C7E00D63FCD /* PBXTargetDependency */,
			);
			fileSystemSynchronizedGroups = (
				A1F2A63D2CDA0C7E00D63FCD /* przepisyTests */,
			);
			name = przepisyTests;
			packageProductDependencies = (
			);
			productName = przepisyTests;
			productReference = A1F2A63A2CDA0C7E00D63FCD /* przepisyTests.xctest */;
			productType = "com.apple.product-type.bundle.unit-test";
		};
		A1F2A6432CDA0C7E00D63FCD /* przepisyUITests */ = {
			isa = PBXNativeTarget;
			buildConfigurationList = A1F2A6542CDA0C7E00D63FCD /* Build configuration list for PBXNativeTarget "przepisyUITests" */;
			buildPhases = (
				A1F2A6402CDA0C7E00D63FCD /* Sources */,
				A1F2A6412CDA0C7E00D63FCD /* Frameworks */,
				A1F2A6422CDA0C7E00D63FCD /* Resources */,
			);
			buildRules = (
			);
			dependencies = (
				A1F2A6462CDA0C7E00D63FCD /* PBXTargetDependency */,
			);
			fileSystemSynchronizedGroups = (
				A1F2A6472CDA0C7E00D63FCD /* przepisyUITests */,
			);
			name = przepisyUITests;
			packageProductDependencies = (
			);
			productName = przepisyUITests;
			productReference = A1F2A6442CDA0C7E00D63FCD /* przepisyUITests.xctest */;
			productType = "com.apple.product-type.bundle.ui-testing";
		};
/* End PBXNativeTarget section */

/* Begin PBXProject section */
		A1F2A6202CDA0C7C00D63FCD /* Project object */ = {
			isa = PBXProject;
			attributes = {
				BuildIndependentTargetsInParallel = 1;
				LastSwiftUpdateCheck = 1600;
				LastUpgradeCheck = 1600;
				TargetAttributes = {
					A1F2A6272CDA0C7C00D63FCD = {
						CreatedOnToolsVersion = 16.0;
					};
					A1F2A6392CDA0C7E00D63FCD = {
						CreatedOnToolsVersion = 16.0;
						TestTargetID = A1F2A6272CDA0C7C00D63FCD;
					};
					A1F2A6432CDA0C7E00D63FCD = {
						CreatedOnToolsVersion = 16.0;
						TestTargetID = A1F2A6272CDA0C7C00D63FCD;
					};
				};
			};
			buildConfigurationList = A1F2A6232CDA0C7C00D63FCD /* Build configuration list for PBXProject "przepisy" */;
			developmentRegion = en;
			hasScannedForEncodings = 0;
			knownRegions = (
				en,
				Base,
			);
			mainGroup = A1F2A61F2CDA0C7C00D63FCD;
			minimizedProjectReferenceProxies = 1;
			preferredProjectObjectVersion = 77;
			productRefGroup = A1F2A6292CDA0C7C00D63FCD /* Products */;
			projectDirPath = "";
			projectRoot = "";
			targets = (
				A1F2A6272CDA0C7C00D63FCD /* przepisy */,
				A1F2A6392CDA0C7E00D63FCD /* przepisyTests */,
				A1F2A6432CDA0C7E00D63FCD /* przepisyUITests */,
			);
		};
/* End PBXProject section */

/* Begin PBXResourcesBuildPhase section */
		A1F2A6262CDA0C7C00D63FCD /* Resources */ = {
			isa = PBXResourcesBuildPhase;
			buildActionMask = 2147483647;
			files = (
			);
			runOnlyForDeploymentPostprocessing = 0;
		};
		A1F2A6382CDA0C7E00D63FCD /* Resources */ = {
			isa = PBXResourcesBuildPhase;
			buildActionMask = 2147483647;
			files = (
			);
			runOnlyForDeploymentPostprocessing = 0;
		};
		A1F2A6422CDA0C7E00D63FCD /* Resources */ = {
			isa = PBXResourcesBuildPhase;
			buildActionMask = 2147483647;
			files = (
			);
			runOnlyForDeploymentPostprocessing = 0;
		};
/* End PBXResourcesBuildPhase section */

/* Begin PBXSourcesBuildPhase section */
		A1F2A6242CDA0C7C00D63FCD /* Sources */ = {
			isa = PBXSourcesBuildPhase;
			buildActionMask = 2147483647;
			files = (
			);
			runOnlyForDeploymentPostprocessing = 0;
		};
		A1F2A6362CDA0C7E00D63FCD /* Sources */ = {
			isa = PBXSourcesBuildPhase;
			buildActionMask = 2147483647;
			files = (
			);
			runOnlyForDeploymentPostprocessing = 0;
		};
		A1F2A6402CDA0C7E00D63FCD /* Sources */ = {
			isa = PBXSourcesBuildPhase;
			buildActionMask = 2147483647;
			files = (
			);
			runOnlyForDeploymentPostprocessing = 0;
		};
/* End PBXSourcesBuildPhase section */

/* Begin PBXTargetDependency section */
		A1F2A63C2CDA0C7E00D63FCD /* PBXTargetDependency */ = {
			isa = PBXTargetDependency;
			target = A1F2A6272CDA0C7C00D63FCD /* przepisy */;
			targetProxy = A1F2A63B2CDA0C7E00D63FCD /* PBXContainerItemProxy */;
		};
		A1F2A6462CDA0C7E00D63FCD /* PBXTargetDependency */ = {
			isa = PBXTargetDependency;
			target = A1F2A6272CDA0C7C00D63FCD /* przepisy */;
			targetProxy = A1F2A6452CDA0C7E00D63FCD /* PBXContainerItemProxy */;
		};
/* End PBXTargetDependency section */

/* Begin XCBuildConfiguration section */
		A1F2A64C2CDA0C7E00D63FCD /* Debug */ = {
			isa = XCBuildConfiguration;
			buildSettings = {
				ALWAYS_SEARCH_USER_PATHS = NO;
				ASSETCATALOG_COMPILER_GENERATE_SWIFT_ASSET_SYMBOL_EXTENSIONS = YES;
				CLANG_ANALYZER_NONNULL = YES;
				CLANG_ANALYZER_NUMBER_OBJECT_CONVERSION = YES_AGGRESSIVE;
				CLANG_CXX_LANGUAGE_STANDARD = "gnu++20";
				CLANG_ENABLE_MODULES = YES;
				CLANG_ENABLE_OBJC_ARC = YES;
				CLANG_ENABLE_OBJC_WEAK = YES;
				CLANG_WARN_BLOCK_CAPTURE_AUTORELEASING = YES;
				CLANG_WARN_BOOL_CONVERSION = YES;
				CLANG_WARN_COMMA = YES;
				CLANG_WARN_CONSTANT_CONVERSION = YES;
				CLANG_WARN_DEPRECATED_OBJC_IMPLEMENTATIONS = YES;
				CLANG_WARN_DIRECT_OBJC_ISA_USAGE = YES_ERROR;
				CLANG_WARN_DOCUMENTATION_COMMENTS = YES;
				CLANG_WARN_EMPTY_BODY = YES;
				CLANG_WARN_ENUM_CONVERSION = YES;
				CLANG_WARN_INFINITE_RECURSION = YES;
				CLANG_WARN_INT_CONVERSION = YES;
				CLANG_WARN_NON_LITERAL_NULL_CONVERSION = YES;
				CLANG_WARN_OBJC_IMPLICIT_RETAIN_SELF = YES;
				CLANG_WARN_OBJC_LITERAL_CONVERSION = YES;
				CLANG_WARN_OBJC_ROOT_CLASS = YES_ERROR;
				CLANG_WARN_QUOTED_INCLUDE_IN_FRAMEWORK_HEADER = YES;
				CLANG_WARN_RANGE_LOOP_ANALYSIS = YES;
				CLANG_WARN_STRICT_PROTOTYPES = YES;
				CLANG_WARN_SUSPICIOUS_MOVE = YES;
				CLANG_WARN_UNGUARDED_AVAILABILITY = YES_AGGRESSIVE;
				CLANG_WARN_UNREACHABLE_CODE = YES;
				CLANG_WARN__DUPLICATE_METHOD_MATCH = YES;
				COPY_PHASE_STRIP = NO;
				DEBUG_INFORMATION_FORMAT = dwarf;
				ENABLE_STRICT_OBJC_MSGSEND = YES;
				ENABLE_TESTABILITY = YES;
				ENABLE_USER_SCRIPT_SANDBOXING = YES;
				GCC_C_LANGUAGE_STANDARD = gnu17;
				GCC_DYNAMIC_NO_PIC = NO;
				GCC_NO_COMMON_BLOCKS = YES;
				GCC_OPTIMIZATION_LEVEL = 0;
				GCC_PREPROCESSOR_DEFINITIONS = (
					"DEBUG=1",
					"$(inherited)",
				);
				GCC_WARN_64_TO_32_BIT_CONVERSION = YES;
				GCC_WARN_ABOUT_RETURN_TYPE = YES_ERROR;
				GCC_WARN_UNDECLARED_SELECTOR = YES;
				GCC_WARN_UNINITIALIZED_AUTOS = YES_AGGRESSIVE;
				GCC_WARN_UNUSED_FUNCTION = YES;
				GCC_WARN_UNUSED_VARIABLE = YES;
				IPHONEOS_DEPLOYMENT_TARGET = 18.0;
				LOCALIZATION_PREFERS_STRING_CATALOGS = YES;
				MTL_ENABLE_DEBUG_INFO = INCLUDE_SOURCE;
				MTL_FAST_MATH = YES;
				ONLY_ACTIVE_ARCH = YES;
				SDKROOT = iphoneos;
				SWIFT_ACTIVE_COMPILATION_CONDITIONS = "DEBUG $(inherited)";
				SWIFT_OPTIMIZATION_LEVEL = "-Onone";
			};
			name = Debug;
		};
		A1F2A64D2CDA0C7E00D63FCD /* Release */ = {
			isa = XCBuildConfiguration;
			buildSettings = {
				ALWAYS_SEARCH_USER_PATHS = NO;
				ASSETCATALOG_COMPILER_GENERATE_SWIFT_ASSET_SYMBOL_EXTENSIONS = YES;
				CLANG_ANALYZER_NONNULL = YES;
				CLANG_ANALYZER_NUMBER_OBJECT_CONVERSION = YES_AGGRESSIVE;
				CLANG_CXX_LANGUAGE_STANDARD = "gnu++20";
				CLANG_ENABLE_MODULES = YES;
				CLANG_ENABLE_OBJC_ARC = YES;
				CLANG_ENABLE_OBJC_WEAK = YES;
				CLANG_WARN_BLOCK_CAPTURE_AUTORELEASING = YES;
				CLANG_WARN_BOOL_CONVERSION = YES;
				CLANG_WARN_COMMA = YES;
				CLANG_WARN_CONSTANT_CONVERSION = YES;
				CLANG_WARN_DEPRECATED_OBJC_IMPLEMENTATIONS = YES;
				CLANG_WARN_DIRECT_OBJC_ISA_USAGE = YES_ERROR;
				CLANG_WARN_DOCUMENTATION_COMMENTS = YES;
				CLANG_WARN_EMPTY_BODY = YES;
				CLANG_WARN_ENUM_CONVERSION = YES;
				CLANG_WARN_INFINITE_RECURSION = YES;
				CLANG_WARN_INT_CONVERSION = YES;
				CLANG_WARN_NON_LITERAL_NULL_CONVERSION = YES;
				CLANG_WARN_OBJC_IMPLICIT_RETAIN_SELF = YES;
				CLANG_WARN_OBJC_LITERAL_CONVERSION = YES;
				CLANG_WARN_OBJC_ROOT_CLASS = YES_ERROR;
				CLANG_WARN_QUOTED_INCLUDE_IN_FRAMEWORK_HEADER = YES;
				CLANG_WARN_RANGE_LOOP_ANALYSIS = YES;
				CLANG_WARN_STRICT_PROTOTYPES = YES;
				CLANG_WARN_SUSPICIOUS_MOVE = YES;
				CLANG_WARN_UNGUARDED_AVAILABILITY = YES_AGGRESSIVE;
				CLANG_WARN_UNREACHABLE_CODE = YES;
				CLANG_WARN__DUPLICATE_METHOD_MATCH = YES;
				COPY_PHASE_STRIP = NO;
				DEBUG_INFORMATION_FORMAT = "dwarf-with-dsym";
				ENABLE_NS_ASSERTIONS = NO;
				ENABLE_STRICT_OBJC_MSGSEND = YES;
				ENABLE_USER_SCRIPT_SANDBOXING = YES;
				GCC_C_LANGUAGE_STANDARD = gnu17;
				GCC_NO_COMMON_BLOCKS = YES;
				GCC_WARN_64_TO_32_BIT_CONVERSION = YES;
				GCC_WARN_ABOUT_RETURN_TYPE = YES_ERROR;
				GCC_WARN_UNDECLARED_SELECTOR = YES;
				GCC_WARN_UNINITIALIZED_AUTOS = YES_AGGRESSIVE;
				GCC_WARN_UNUSED_FUNCTION = YES;
				GCC_WARN_UNUSED_VARIABLE = YES;
				IPHONEOS_DEPLOYMENT_TARGET = 18.0;
				LOCALIZATION_PREFERS_STRING_CATALOGS = YES;
				MTL_ENABLE_DEBUG_INFO = NO;
				MTL_FAST_MATH = YES;
				SDKROOT = iphoneos;
				SWIFT_COMPILATION_MODE = wholemodule;
				VALIDATE_PRODUCT = YES;
			};
			name = Release;
		};
		A1F2A64F2CDA0C7E00D63FCD /* Debug */ = {
			isa = XCBuildConfiguration;
			buildSettings = {
				ASSETCATALOG_COMPILER_APPICON_NAME = AppIcon;
				ASSETCATALOG_COMPILER_GLOBAL_ACCENT_COLOR_NAME = AccentColor;
				CODE_SIGN_STYLE = Automatic;
				CURRENT_PROJECT_VERSION = 1;
				DEVELOPMENT_ASSET_PATHS = "\"przepisy/Preview Content\"";
				ENABLE_PREVIEWS = YES;
				GENERATE_INFOPLIST_FILE = YES;
				INFOPLIST_KEY_UIApplicationSceneManifest_Generation = YES;
				INFOPLIST_KEY_UIApplicationSupportsIndirectInputEvents = YES;
				INFOPLIST_KEY_UILaunchScreen_Generation = YES;
				INFOPLIST_KEY_UISupportedInterfaceOrientations_iPad = "UIInterfaceOrientationPortrait UIInterfaceOrientationPortraitUpsideDown UIInterfaceOrientationLandscapeLeft UIInterfaceOrientationLandscapeRight";
				INFOPLIST_KEY_UISupportedInterfaceOrientations_iPhone = "UIInterfaceOrientationPortrait UIInterfaceOrientationLandscapeLeft UIInterfaceOrientationLandscapeRight";
				LD_RUNPATH_SEARCH_PATHS = (
					"$(inherited)",
					"@executable_path/Frameworks",
				);
				MARKETING_VERSION = 1.0;
				PRODUCT_BUNDLE_IDENTIFIER = pwr.matuszewski.przepisy;
				PRODUCT_NAME = "$(TARGET_NAME)";
				SWIFT_EMIT_LOC_STRINGS = YES;
				SWIFT_VERSION = 5.0;
				TARGETED_DEVICE_FAMILY = "1,2";
			};
			name = Debug;
		};
		A1F2A6502CDA0C7E00D63FCD /* Release */ = {
			isa = XCBuildConfiguration;
			buildSettings = {
				ASSETCATALOG_COMPILER_APPICON_NAME = AppIcon;
				ASSETCATALOG_COMPILER_GLOBAL_ACCENT_COLOR_NAME = AccentColor;
				CODE_SIGN_STYLE = Automatic;
				CURRENT_PROJECT_VERSION = 1;
				DEVELOPMENT_ASSET_PATHS = "\"przepisy/Preview Content\"";
				ENABLE_PREVIEWS = YES;
				GENERATE_INFOPLIST_FILE = YES;
				INFOPLIST_KEY_UIApplicationSceneManifest_Generation = YES;
				INFOPLIST_KEY_UIApplicationSupportsIndirectInputEvents = YES;
				INFOPLIST_KEY_UILaunchScreen_Generation = YES;
				INFOPLIST_KEY_UISupportedInterfaceOrientations_iPad = "UIInterfaceOrientationPortrait UIInterfaceOrientationPortraitUpsideDown UIInterfaceOrientationLandscapeLeft UIInterfaceOrientationLandscapeRight";
				INFOPLIST_KEY_UISupportedInterfaceOrientations_iPhone = "UIInterfaceOrientationPortrait UIInterfaceOrientationLandscapeLeft UIInterfaceOrientationLandscapeRight";
				LD_RUNPATH_SEARCH_PATHS = (
					"$(inherited)",
					"@executable_path/Frameworks",
				);
				MARKETING_VERSION = 1.0;
				PRODUCT_BUNDLE_IDENTIFIER = pwr.matuszewski.przepisy;
				PRODUCT_NAME = "$(TARGET_NAME)";
				SWIFT_EMIT_LOC_STRINGS = YES;
				SWIFT_VERSION = 5.0;
				TARGETED_DEVICE_FAMILY = "1,2";
			};
			name = Release;
		};
		A1F2A6522CDA0C7E00D63FCD /* Debug */ = {
			isa = XCBuildConfiguration;
			buildSettings = {
				BUNDLE_LOADER = "$(TEST_HOST)";
				CODE_SIGN_STYLE = Automatic;
				CURRENT_PROJECT_VERSION = 1;
				GENERATE_INFOPLIST_FILE = YES;
				IPHONEOS_DEPLOYMENT_TARGET = 18.0;
				MARKETING_VERSION = 1.0;
				PRODUCT_BUNDLE_IDENTIFIER = pwr.matuszewski.przepisyTests;
				PRODUCT_NAME = "$(TARGET_NAME)";
				SWIFT_EMIT_LOC_STRINGS = NO;
				SWIFT_VERSION = 5.0;
				TARGETED_DEVICE_FAMILY = "1,2";
				TEST_HOST = "$(BUILT_PRODUCTS_DIR)/przepisy.app/$(BUNDLE_EXECUTABLE_FOLDER_PATH)/przepisy";
			};
			name = Debug;
		};
		A1F2A6532CDA0C7E00D63FCD /* Release */ = {
			isa = XCBuildConfiguration;
			buildSettings = {
				BUNDLE_LOADER = "$(TEST_HOST)";
				CODE_SIGN_STYLE = Automatic;
				CURRENT_PROJECT_VERSION = 1;
				GENERATE_INFOPLIST_FILE = YES;
				IPHONEOS_DEPLOYMENT_TARGET = 18.0;
				MARKETING_VERSION = 1.0;
				PRODUCT_BUNDLE_IDENTIFIER = pwr.matuszewski.przepisyTests;
				PRODUCT_NAME = "$(TARGET_NAME)";
				SWIFT_EMIT_LOC_STRINGS = NO;
				SWIFT_VERSION = 5.0;
				TARGETED_DEVICE_FAMILY = "1,2";
				TEST_HOST = "$(BUILT_PRODUCTS_DIR)/przepisy.app/$(BUNDLE_EXECUTABLE_FOLDER_PATH)/przepisy";
			};
			name = Release;
		};
		A1F2A6552CDA0C7E00D63FCD /* Debug */ = {
			isa = XCBuildConfiguration;
			buildSettings = {
				CODE_SIGN_STYLE = Automatic;
				CURRENT_PROJECT_VERSION = 1;
				GENERATE_INFOPLIST_FILE = YES;
				MARKETING_VERSION = 1.0;
				PRODUCT_BUNDLE_IDENTIFIER = pwr.matuszewski.przepisyUITests;
				PRODUCT_NAME = "$(TARGET_NAME)";
				SWIFT_EMIT_LOC_STRINGS = NO;
				SWIFT_VERSION = 5.0;
				TARGETED_DEVICE_FAMILY = "1,2";
				TEST_TARGET_NAME = przepisy;
			};
			name = Debug;
		};
		A1F2A6562CDA0C7E00D63FCD /* Release */ = {
			isa = XCBuildConfiguration;
			buildSettings = {
				CODE_SIGN_STYLE = Automatic;
				CURRENT_PROJECT_VERSION = 1;
				GENERATE_INFOPLIST_FILE = YES;
				MARKETING_VERSION = 1.0;
				PRODUCT_BUNDLE_IDENTIFIER = pwr.matuszewski.przepisyUITests;
				PRODUCT_NAME = "$(TARGET_NAME)";
				SWIFT_EMIT_LOC_STRINGS = NO;
				SWIFT_VERSION = 5.0;
				TARGETED_DEVICE_FAMILY = "1,2";
				TEST_TARGET_NAME = przepisy;
			};
			name = Release;
		};
/* End XCBuildConfiguration section */

/* Begin XCConfigurationList section */
		A1F2A6232CDA0C7C00D63FCD /* Build configuration list for PBXProject "przepisy" */ = {
			isa = XCConfigurationList;
			buildConfigurations = (
				A1F2A64C2CDA0C7E00D63FCD /* Debug */,
				A1F2A64D2CDA0C7E00D63FCD /* Release */,
			);
			defaultConfigurationIsVisible = 0;
			defaultConfigurationName = Release;
		};
		A1F2A64E2CDA0C7E00D63FCD /* Build configuration list for PBXNativeTarget "przepisy" */ = {
			isa = XCConfigurationList;
			buildConfigurations = (
				A1F2A64F2CDA0C7E00D63FCD /* Debug */,
				A1F2A6502CDA0C7E00D63FCD /* Release */,
			);
			defaultConfigurationIsVisible = 0;
			defaultConfigurationName = Release;
		};
		A1F2A6512CDA0C7E00D63FCD /* Build configuration list for PBXNativeTarget "przepisyTests" */ = {
			isa = XCConfigurationList;
			buildConfigurations = (
				A1F2A6522CDA0C7E00D63FCD /* Debug */,
				A1F2A6532CDA0C7E00D63FCD /* Release */,
			);
			defaultConfigurationIsVisible = 0;
			defaultConfigurationName = Release;
		};
		A1F2A6542CDA0C7E00D63FCD /* Build configuration list for PBXNativeTarget "przepisyUITests" */ = {
			isa = XCConfigurationList;
			buildConfigurations = (
				A1F2A6552CDA0C7E00D63FCD /* Debug */,
				A1F2A6562CDA0C7E00D63FCD /* Release */,
			);
			defaultConfigurationIsVisible = 0;
			defaultConfigurationName = Release;
		};
/* End XCConfigurationList section */
	};
	rootObject = A1F2A6202CDA0C7C00D63FCD /* Project object */;
}
